{
  "name": "open-rgb-driver",
  "version": "1.0.0",
  "lockfileVersion": 2,
  "requires": true,
  "packages": {
    "": {
      "name": "open-rgb-driver",
      "version": "1.0.0",
      "license": "ISC",
      "dependencies": {
        "openrgb-sdk": "^0.5.2"
      }
    },
    "node_modules/bufferpack": {
      "version": "0.0.6",
      "resolved": "https://registry.npmjs.org/bufferpack/-/bufferpack-0.0.6.tgz",
      "integrity": "sha512-MTWvLHElqczrIVhge9qHtqgNigJFyh0+tCDId5yCbFAfuekHWIG+uAgvoHVflwrDPuY/e47JE1ki5qcM7w4uLg==",
      "engines": {
        "node": "*"
      }
    },
    "node_modules/openrgb-sdk": {
      "version": "0.5.2",
      "resolved": "https://registry.npmjs.org/openrgb-sdk/-/openrgb-sdk-0.5.2.tgz",
      "integrity": "sha512-3OvoXHH8HE1J9ERXHHjoe2MwlxqTyeQP91h0USSmtY2EWPKOFmLkkk7z+0tAPX4ttywqDLcW1RiO4Xu72jkFew==",
      "dependencies": {
        "bufferpack": "0.0.6"
      },
      "engines": {
        "node": ">=8.3"
      }
    }
  },
  "dependencies": {
    "bufferpack": {
      "version": "0.0.6",
      "resolved": "https://registry.npmjs.org/bufferpack/-/bufferpack-0.0.6.tgz",
      "integrity": "sha512-MTWvLHElqczrIVhge9qHtqgNigJFyh0+tCDId5yCbFAfuekHWIG+uAgvoHVflwrDPuY/e47JE1ki5qcM7w4uLg=="
    },
    "openrgb-sdk": {
      "version": "0.5.2",
      "resolved": "https://registry.npmjs.org/openrgb-sdk/-/openrgb-sdk-0.5.2.tgz",
      "integrity": "sha512-3OvoXHH8HE1J9ERXHHjoe2MwlxqTyeQP91h0USSmtY2EWPKOFmLkkk7z+0tAPX4ttywqDLcW1RiO4Xu72jkFew==",
      "requires": {
        "bufferpack": "0.0.6"
      }
    }
  }
}
